
Microsoft Visual Studio Solution File, Format Version 10.00
# Visual Studio 2008
Project("{FAE04EC0-301F-11D3-BF4B-00C04F79EFBC}") = "RandomPick_2010", "RandomPick_2010\RandomPick_2010.csproj", "{B4B3DEE8-84C1-4694-BA17-C49C1C1F4D30}"
EndProject
Global
	GlobalSection(SolutionConfigurationPlatforms) = preSolution
		Debug|Any CPU = Debug|Any CPU
		Release|Any CPU = Release|Any CPU
	EndGlobalSection
	GlobalSection(ProjectConfigurationPlatforms) = postSolution
		{B4B3DEE8-84C1-4694-BA17-C49C1C1F4D30}.Debug|Any CPU.ActiveCfg = Debug|Any CPU
		{B4B3DEE8-84C1-4694-BA17-C49C1C1F4D30}.Debug|Any CPU.Build.0 = Debug|Any CPU
		{B4B3DEE8-84C1-4694-BA17-C49C1C1F4D30}.Release|Any CPU.ActiveCfg = Release|Any CPU
		{B4B3DEE8-84C1-4694-BA17-C49C1C1F4D30}.Release|Any CPU.Build.0 = Release|Any CPU
	EndGlobalSection
	GlobalSection(SolutionProperties) = preSolution
		HideSolutionNode = FALSE
	EndGlobalSection
EndGlobal
